{
  "name": "inforec",
  "version": "1.0.0",
  "lockfileVersion": 1,
  "requires": true,
  "dependencies": {
    "accepts": {
      "version": "1.3.4",
      "resolved": "https://registry.npmjs.org/accepts/-/accepts-1.3.4.tgz",
      "integrity": "sha1-hiRnWMfdbSGmR0/whKR0DsBesh8=",
      "requires": {
        "mime-types": "2.1.18",
        "negotiator": "0.6.1"
      }
    },
    "after": {
      "version": "0.8.2",
      "resolved": "https://registry.npmjs.org/after/-/after-0.8.2.tgz",
      "integrity": "sha1-/ts5T58OAqqXaOcCvaI7UF+ufh8="
    },
    "alpha-sort": {
      "version": "2.0.1",
      "resolved": "https://registry.npmjs.org/alpha-sort/-/alpha-sort-2.0.1.tgz",
      "integrity": "sha1-UNNTiUfPcOvMFaa0YfsE//O/Htk="
    },
    "apparatus": {
      "version": "0.0.9",
      "resolved": "https://registry.npmjs.org/apparatus/-/apparatus-0.0.9.tgz",
      "integrity": "sha1-N9zSWDStC2UQdllikduCPusZCL0=",
      "requires": {
        "sylvester": "0.0.21"
      }
    },
    "array-flatten": {
      "version": "1.1.1",
      "resolved": "https://registry.npmjs.org/array-flatten/-/array-flatten-1.1.1.tgz",
      "integrity": "sha1-ml9pkFGx5wczKPKgCJaLZOopVdI="
    },
    "array-occurrence": {
      "version": "1.0.0",
      "resolved": "https://registry.npmjs.org/array-occurrence/-/array-occurrence-1.0.0.tgz",
      "integrity": "sha1-FTUySpNrj5NxN12MguKn+qcGdYg="
    },
    "async": {
      "version": "0.2.10",
      "resolved": "https://registry.npmjs.org/async/-/async-0.2.10.tgz",
      "integrity": "sha1-trvgsGdLnXGXCMo43owjfLUmw9E="
    },
    "atomic": {
      "version": "0.0.2",
      "resolved": "https://registry.npmjs.org/atomic/-/atomic-0.0.2.tgz",
      "integrity": "sha1-sYFiazUeNlCaIMXwyu9792Dr/eA="
    },
    "base64-js": {
      "version": "0.0.2",
      "resolved": "https://registry.npmjs.org/base64-js/-/base64-js-0.0.2.tgz",
      "integrity": "sha1-Ak8Pcq+iW3X5wO5zzU9V7Bvtl4Q="
    },
    "bluebird": {
      "version": "3.5.0",
      "resolved": "https://registry.npmjs.org/bluebird/-/bluebird-3.5.0.tgz",
      "integrity": "sha1-eRQg1/VR7qKJdFOop3ZT+WYG1nw="
    },
    "body-parser": {
      "version": "1.18.2",
      "resolved": "https://registry.npmjs.org/body-parser/-/body-parser-1.18.2.tgz",
      "integrity": "sha1-h2eKGdhLR9hZuDGZvVm84iKxBFQ=",
      "requires": {
        "bytes": "3.0.0",
        "content-type": "1.0.4",
        "debug": "2.6.9",
        "depd": "1.1.2",
        "http-errors": "1.6.2",
        "iconv-lite": "0.4.19",
        "on-finished": "2.3.0",
        "qs": "6.5.1",
        "raw-body": "2.3.2",
        "type-is": "1.6.16"
      }
    },
    "bops": {
      "version": "0.1.1",
      "resolved": "https://registry.npmjs.org/bops/-/bops-0.1.1.tgz",
      "integrity": "sha1-Bi4CqNqoAfoQ8uXb5nQM/4Af4X4=",
      "requires": {
        "base64-js": "0.0.2",
        "to-utf8": "0.0.1"
      }
    },
    "bson": {
      "version": "1.0.5",
      "resolved": "https://registry.npmjs.org/bson/-/bson-1.0.5.tgz",
      "integrity": "sha512-D4SCtud6mlEb48kXdTHU31DRU0bsgOJ+4St1Dcx30uYNnf/aGc+hC9gHB/z0Eth8HYYs/hr0SFdyZViht19SwA=="
    },
    "bytes": {
      "version": "3.0.0",
      "resolved": "https://registry.npmjs.org/bytes/-/bytes-3.0.0.tgz",
      "integrity": "sha1-0ygVQE1olpn4Wk6k+odV3ROpYEg="
    },
    "bytewise": {
      "version": "0.7.1",
      "resolved": "https://registry.npmjs.org/bytewise/-/bytewise-0.7.1.tgz",
      "integrity": "sha1-Q6R512PIUlbVRnyP4FpzT08urC4=",
      "requires": {
        "bops": "0.1.1"
      }
    },
    "clone": {
      "version": "0.1.19",
      "resolved": "https://registry.npmjs.org/clone/-/clone-0.1.19.tgz",
      "integrity": "sha1-YT+2hjmyaklKxTJT4Vsaa9iK2oU="
    },
    "component-plus-node": {
      "version": "0.0.1",
      "resolved": "https://registry.npmjs.org/component-plus-node/-/component-plus-node-0.0.1.tgz",
      "integrity": "sha1-bupm7d6xGuzXykufyyjtudv/qXg="
    },
    "content-disposition": {
      "version": "0.5.2",
      "resolved": "https://registry.npmjs.org/content-disposition/-/content-disposition-0.5.2.tgz",
      "integrity": "sha1-DPaLud318r55YcOoUXjLhdunjLQ="
    },
    "content-type": {
      "version": "1.0.4",
      "resolved": "https://registry.npmjs.org/content-type/-/content-type-1.0.4.tgz",
      "integrity": "sha512-hIP3EEPs8tB9AT1L+NUqtwOAps4mk2Zob89MWXMHjHWg9milF/j4osnnQLXBCBFBk/tvIG/tUc9mOUJiPBhPXA=="
    },
    "cookie": {
      "version": "0.3.1",
      "resolved": "https://registry.npmjs.org/cookie/-/cookie-0.3.1.tgz",
      "integrity": "sha1-5+Ch+e9DtMi6klxcWpboBtFoc7s="
    },
    "cookie-signature": {
      "version": "1.0.6",
      "resolved": "https://registry.npmjs.org/cookie-signature/-/cookie-signature-1.0.6.tgz",
      "integrity": "sha1-4wOogrNCzD7oylE6eZmXNNqzriw="
    },
    "core-util-is": {
      "version": "1.0.2",
      "resolved": "https://registry.npmjs.org/core-util-is/-/core-util-is-1.0.2.tgz",
      "integrity": "sha1-tf1UIgqivFq1eqtxQMlAdUUDwac="
    },
    "cosine": {
      "version": "0.0.1",
      "resolved": "https://registry.npmjs.org/cosine/-/cosine-0.0.1.tgz",
      "integrity": "sha1-Mi3mm8zqzKYT4mtdCygBgfAEnmI="
    },
    "debug": {
      "version": "2.6.9",
      "resolved": "https://registry.npmjs.org/debug/-/debug-2.6.9.tgz",
      "integrity": "sha512-bC7ElrdJaJnPbAP+1EotYvqZsb3ecl5wi6Bfi6BJTUcNowp6cvspg0jXznRTKDjm/E7AdgFBVeAPVMNcKGsHMA==",
      "requires": {
        "ms": "2.0.0"
      }
    },
    "deepcopy": {
      "version": "0.6.3",
      "resolved": "https://registry.npmjs.org/deepcopy/-/deepcopy-0.6.3.tgz",
      "integrity": "sha1-Y0eA8vhlardxr4+oQx7RzO5Vx7A="
    },
    "depd": {
      "version": "1.1.2",
      "resolved": "https://registry.npmjs.org/depd/-/depd-1.1.2.tgz",
      "integrity": "sha1-m81S4UwJd2PnSbJ0xDRu0uVgtak="
    },
    "destroy": {
      "version": "1.0.4",
      "resolved": "https://registry.npmjs.org/destroy/-/destroy-1.0.4.tgz",
      "integrity": "sha1-l4hXRCxEdJ5CBmE+N5RiBYJqvYA="
    },
    "ee-first": {
      "version": "1.1.1",
      "resolved": "https://registry.npmjs.org/ee-first/-/ee-first-1.1.1.tgz",
      "integrity": "sha1-WQxhFWsK4vTwJVcyoViyZrxWsh0="
    },
    "encodeurl": {
      "version": "1.0.2",
      "resolved": "https://registry.npmjs.org/encodeurl/-/encodeurl-1.0.2.tgz",
      "integrity": "sha1-rT/0yG7C0CkyL1oCw6mmBslbP1k="
    },
    "escape-html": {
      "version": "1.0.3",
      "resolved": "https://registry.npmjs.org/escape-html/-/escape-html-1.0.3.tgz",
      "integrity": "sha1-Aljq5NPQwJdN4cFpGI7wBR0dGYg="
    },
    "etag": {
      "version": "1.8.1",
      "resolved": "https://registry.npmjs.org/etag/-/etag-1.8.1.tgz",
      "integrity": "sha1-Qa4u62XvpiJorr/qg6x9eSmbCIc="
    },
    "express": {
      "version": "4.16.2",
      "resolved": "https://registry.npmjs.org/express/-/express-4.16.2.tgz",
      "integrity": "sha1-41xt/i1kt9ygpc1PIXgb4ymeB2w=",
      "requires": {
        "accepts": "1.3.4",
        "array-flatten": "1.1.1",
        "body-parser": "1.18.2",
        "content-disposition": "0.5.2",
        "content-type": "1.0.4",
        "cookie": "0.3.1",
        "cookie-signature": "1.0.6",
        "debug": "2.6.9",
        "depd": "1.1.2",
        "encodeurl": "1.0.2",
        "escape-html": "1.0.3",
        "etag": "1.8.1",
        "finalhandler": "1.1.0",
        "fresh": "0.5.2",
        "merge-descriptors": "1.0.1",
        "methods": "1.1.2",
        "on-finished": "2.3.0",
        "parseurl": "1.3.2",
        "path-to-regexp": "0.1.7",
        "proxy-addr": "2.0.3",
        "qs": "6.5.1",
        "range-parser": "1.2.0",
        "safe-buffer": "5.1.1",
        "send": "0.16.1",
        "serve-static": "1.13.1",
        "setprototypeof": "1.1.0",
        "statuses": "1.3.1",
        "type-is": "1.6.16",
        "utils-merge": "1.0.1",
        "vary": "1.1.2"
      }
    },
    "finalhandler": {
      "version": "1.1.0",
      "resolved": "https://registry.npmjs.org/finalhandler/-/finalhandler-1.1.0.tgz",
      "integrity": "sha1-zgtoVbRYU+eRsvzGgARtiCU91/U=",
      "requires": {
        "debug": "2.6.9",
        "encodeurl": "1.0.2",
        "escape-html": "1.0.3",
        "on-finished": "2.3.0",
        "parseurl": "1.3.2",
        "statuses": "1.3.1",
        "unpipe": "1.0.0"
      }
    },
    "foreach": {
      "version": "2.0.5",
      "resolved": "https://registry.npmjs.org/foreach/-/foreach-2.0.5.tgz",
      "integrity": "sha1-C+4AUBiusmDQo6865ljdATbsG5k="
    },
    "forwarded": {
      "version": "0.1.2",
      "resolved": "https://registry.npmjs.org/forwarded/-/forwarded-0.1.2.tgz",
      "integrity": "sha1-mMI9qxF1ZXuMBXPozszZGw/xjIQ="
    },
    "fresh": {
      "version": "0.5.2",
      "resolved": "https://registry.npmjs.org/fresh/-/fresh-0.5.2.tgz",
      "integrity": "sha1-PYyt2Q2XZWn6g1qx+OSyOhBWBac="
    },
    "hat": {
      "version": "0.0.3",
      "resolved": "https://registry.npmjs.org/hat/-/hat-0.0.3.tgz",
      "integrity": "sha1-uwFKnmSzeIrtgAWRdBPU/z1QLYo="
    },
    "http-errors": {
      "version": "1.6.2",
      "resolved": "https://registry.npmjs.org/http-errors/-/http-errors-1.6.2.tgz",
      "integrity": "sha1-CgAsyFcHGSp+eUbO7cERVfYOxzY=",
      "requires": {
        "depd": "1.1.1",
        "inherits": "2.0.3",
        "setprototypeof": "1.0.3",
        "statuses": "1.3.1"
      },
      "dependencies": {
        "depd": {
          "version": "1.1.1",
          "resolved": "https://registry.npmjs.org/depd/-/depd-1.1.1.tgz",
          "integrity": "sha1-V4O04cRZ8G+lyif5kfPQbnoxA1k="
        },
        "setprototypeof": {
          "version": "1.0.3",
          "resolved": "https://registry.npmjs.org/setprototypeof/-/setprototypeof-1.0.3.tgz",
          "integrity": "sha1-ZlZ+NwQ+608E2RvWWMDL77VbjgQ="
        }
      }
    },
    "iconv-lite": {
      "version": "0.4.19",
      "resolved": "https://registry.npmjs.org/iconv-lite/-/iconv-lite-0.4.19.tgz",
      "integrity": "sha512-oTZqweIP51xaGPI4uPa56/Pri/480R+mo7SeU+YETByQNhDG55ycFyNLIgta9vXhILrxXDmF7ZGhqZIcuN0gJQ=="
    },
    "indexof": {
      "version": "0.0.1",
      "resolved": "https://registry.npmjs.org/indexof/-/indexof-0.0.1.tgz",
      "integrity": "sha1-gtwzbSMrkGIXnQWrMpOmYFn9Q10="
    },
    "inherits": {
      "version": "2.0.3",
      "resolved": "https://registry.npmjs.org/inherits/-/inherits-2.0.3.tgz",
      "integrity": "sha1-Yzwsg+PaQqUC9SRmAiSA9CCCYd4="
    },
    "inverted-index": {
      "version": "1.7.0",
      "resolved": "https://registry.npmjs.org/inverted-index/-/inverted-index-1.7.0.tgz",
      "integrity": "sha1-fcEPPUJ4MActyvV5ha92DABChfc=",
      "requires": {
        "async": "0.2.10",
        "atomic": "0.0.2",
        "bytewise": "0.7.1",
        "cosine": "0.0.1",
        "level-path": "1.0.0",
        "level-sublevel": "5.2.3",
        "level-ttl": "github:ramitos/node-level-ttl#cf6dbf3adbfa25c2615b176e5c1e0f056418bdf8",
        "lodash.uniq": "2.4.1",
        "natural": "0.1.29",
        "sift3": "0.0.1",
        "stream-statistics": "0.0.1",
        "through2": "0.3.0",
        "timehat": "0.0.1",
        "type-component": "0.0.1",
        "xtend": "2.1.2"
      }
    },
    "ipaddr.js": {
      "version": "1.6.0",
      "resolved": "https://registry.npmjs.org/ipaddr.js/-/ipaddr.js-1.6.0.tgz",
      "integrity": "sha1-4/o1e3c9phnybpXwSdBVxyeW+Gs="
    },
    "is": {
      "version": "0.2.7",
      "resolved": "https://registry.npmjs.org/is/-/is-0.2.7.tgz",
      "integrity": "sha1-OzSixI81mXLzUEKEkZOucmS2NWI="
    },
    "is-object": {
      "version": "0.1.2",
      "resolved": "https://registry.npmjs.org/is-object/-/is-object-0.1.2.tgz",
      "integrity": "sha1-AO+8CIFsM8/ErIJR0TLhDcZQmNc="
    },
    "isarray": {
      "version": "0.0.1",
      "resolved": "https://registry.npmjs.org/isarray/-/isarray-0.0.1.tgz",
      "integrity": "sha1-ihis/Kmo9Bd+Cav8YDiTmwXR7t8="
    },
    "kareem": {
      "version": "2.0.5",
      "resolved": "https://registry.npmjs.org/kareem/-/kareem-2.0.5.tgz",
      "integrity": "sha512-dfvpj3mCGJLZuADInhYrKaXkGarJxDqnTEiF91wK6fqwdCRmN+O4aEp8575UjZlQzDkzLI1WDL1uU7vyupURqw=="
    },
    "level-fix-range": {
      "version": "2.0.0",
      "resolved": "https://registry.npmjs.org/level-fix-range/-/level-fix-range-2.0.0.tgz",
      "integrity": "sha1-xBfWIVlEIVGhnZojZ4aPFyTC1Ug=",
      "requires": {
        "clone": "0.1.19"
      }
    },
    "level-hooks": {
      "version": "4.5.0",
      "resolved": "https://registry.npmjs.org/level-hooks/-/level-hooks-4.5.0.tgz",
      "integrity": "sha1-G5rmGSKTDzMF0aYfxNg8gQLA3ZM=",
      "requires": {
        "string-range": "1.2.2"
      }
    },
    "level-path": {
      "version": "1.0.0",
      "resolved": "https://registry.npmjs.org/level-path/-/level-path-1.0.0.tgz",
      "integrity": "sha1-qALyclkvdVeT96rJTthMShAm7bo=",
      "requires": {
        "level-fix-range": "2.0.0",
        "xtend": "2.1.2"
      }
    },
    "level-sublevel": {
      "version": "5.2.3",
      "resolved": "https://registry.npmjs.org/level-sublevel/-/level-sublevel-5.2.3.tgz",
      "integrity": "sha1-dEwSxy0ucr543eO5tc2E1iGRQTo=",
      "requires": {
        "level-fix-range": "2.0.0",
        "level-hooks": "4.5.0",
        "string-range": "1.2.2",
        "xtend": "2.0.6"
      },
      "dependencies": {
        "object-keys": {
          "version": "0.2.0",
          "resolved": "https://registry.npmjs.org/object-keys/-/object-keys-0.2.0.tgz",
          "integrity": "sha1-zd7AKZiwkb5CvxA1rjLknxy26mc=",
          "requires": {
            "foreach": "2.0.5",
            "indexof": "0.0.1",
            "is": "0.2.7"
          }
        },
        "xtend": {
          "version": "2.0.6",
          "resolved": "https://registry.npmjs.org/xtend/-/xtend-2.0.6.tgz",
          "integrity": "sha1-XqZXptukRwacLlnFihE4ywxebO4=",
          "requires": {
            "is-object": "0.1.2",
            "object-keys": "0.2.0"
          }
        }
      }
    },
    "level-ttl": {
      "version": "github:ramitos/node-level-ttl#cf6dbf3adbfa25c2615b176e5c1e0f056418bdf8",
      "requires": {
        "after": "0.8.2",
        "xtend": "2.1.2"
      }
    },
    "lodash": {
      "version": "4.17.5",
      "resolved": "https://registry.npmjs.org/lodash/-/lodash-4.17.5.tgz",
      "integrity": "sha512-svL3uiZf1RwhH+cWrfZn3A4+U58wbP0tGVTLQPbjplZxZ8ROD9VLuNgsRniTlLe7OlSqR79RUehXgpBW/s0IQw=="
    },
    "lodash._arraypool": {
      "version": "2.4.1",
      "resolved": "https://registry.npmjs.org/lodash._arraypool/-/lodash._arraypool-2.4.1.tgz",
      "integrity": "sha1-6I7suS4ruEyQZWEv2VigcZzUf5Q="
    },
    "lodash._basebind": {
      "version": "2.4.1",
      "resolved": "https://registry.npmjs.org/lodash._basebind/-/lodash._basebind-2.4.1.tgz",
      "integrity": "sha1-6UC5690nwyfgqNqxtVkWxTQelXU=",
      "requires": {
        "lodash._basecreate": "2.4.1",
        "lodash._setbinddata": "2.4.1",
        "lodash._slice": "2.4.1",
        "lodash.isobject": "2.4.1"
      }
    },
    "lodash._basecreate": {
      "version": "2.4.1",
      "resolved": "https://registry.npmjs.org/lodash._basecreate/-/lodash._basecreate-2.4.1.tgz",
      "integrity": "sha1-+Ob1tXip405UEXm1a47uv0oofgg=",
      "requires": {
        "lodash._isnative": "2.4.1",
        "lodash.isobject": "2.4.1",
        "lodash.noop": "2.4.1"
      }
    },
    "lodash._basecreatecallback": {
      "version": "2.4.1",
      "resolved": "https://registry.npmjs.org/lodash._basecreatecallback/-/lodash._basecreatecallback-2.4.1.tgz",
      "integrity": "sha1-fQsmdknLKeehOdAQO3wR+uhOSFE=",
      "requires": {
        "lodash._setbinddata": "2.4.1",
        "lodash.bind": "2.4.1",
        "lodash.identity": "2.4.1",
        "lodash.support": "2.4.1"
      }
    },
    "lodash._basecreatewrapper": {
      "version": "2.4.1",
      "resolved": "https://registry.npmjs.org/lodash._basecreatewrapper/-/lodash._basecreatewrapper-2.4.1.tgz",
      "integrity": "sha1-TTHy595+E0+/KAN2K4FQsyUZZm8=",
      "requires": {
        "lodash._basecreate": "2.4.1",
        "lodash._setbinddata": "2.4.1",
        "lodash._slice": "2.4.1",
        "lodash.isobject": "2.4.1"
      }
    },
    "lodash._baseindexof": {
      "version": "2.4.1",
      "resolved": "https://registry.npmjs.org/lodash._baseindexof/-/lodash._baseindexof-2.4.1.tgz",
      "integrity": "sha1-WdtYQStAYEykUxq696Q88cw2vVk="
    },
    "lodash._baseisequal": {
      "version": "2.4.1",
      "resolved": "https://registry.npmjs.org/lodash._baseisequal/-/lodash._baseisequal-2.4.1.tgz",
      "integrity": "sha1-ax5i5YfFUjER9vIoVT2rGeRF/AM=",
      "requires": {
        "lodash._getarray": "2.4.1",
        "lodash._objecttypes": "2.4.1",
        "lodash._releasearray": "2.4.1",
        "lodash.forin": "2.4.1",
        "lodash.isfunction": "2.4.1"
      }
    },
    "lodash._baseuniq": {
      "version": "2.4.1",
      "resolved": "https://registry.npmjs.org/lodash._baseuniq/-/lodash._baseuniq-2.4.1.tgz",
      "integrity": "sha1-VrJjMk3QMX3nJENiiikBN/ISA4E=",
      "requires": {
        "lodash._baseindexof": "2.4.1",
        "lodash._cacheindexof": "2.4.1",
        "lodash._createcache": "2.4.1",
        "lodash._getarray": "2.4.1",
        "lodash._largearraysize": "2.4.1",
        "lodash._releasearray": "2.4.1",
        "lodash._releaseobject": "2.4.1"
      }
    },
    "lodash._cacheindexof": {
      "version": "2.4.1",
      "resolved": "https://registry.npmjs.org/lodash._cacheindexof/-/lodash._cacheindexof-2.4.1.tgz",
      "integrity": "sha1-qf0HzCeO64gqaxjQ/tbFXghzz0s=",
      "requires": {
        "lodash._baseindexof": "2.4.1",
        "lodash._keyprefix": "2.4.2"
      }
    },
    "lodash._cachepush": {
      "version": "2.4.1",
      "resolved": "https://registry.npmjs.org/lodash._cachepush/-/lodash._cachepush-2.4.1.tgz",
      "integrity": "sha1-z97RJYuRm3om1rASZmpYSXIzCJk=",
      "requires": {
        "lodash._keyprefix": "2.4.2"
      }
    },
    "lodash._createcache": {
      "version": "2.4.1",
      "resolved": "https://registry.npmjs.org/lodash._createcache/-/lodash._createcache-2.4.1.tgz",
      "integrity": "sha1-9MIoLDvKGY0S9BhKwrYhLmkdyFQ=",
      "requires": {
        "lodash._cachepush": "2.4.1",
        "lodash._getobject": "2.4.1",
        "lodash._releaseobject": "2.4.1"
      }
    },
    "lodash._createwrapper": {
      "version": "2.4.1",
      "resolved": "https://registry.npmjs.org/lodash._createwrapper/-/lodash._createwrapper-2.4.1.tgz",
      "integrity": "sha1-UdaVeXPaTtVW43KQ2MGhjFPeFgc=",
      "requires": {
        "lodash._basebind": "2.4.1",
        "lodash._basecreatewrapper": "2.4.1",
        "lodash._slice": "2.4.1",
        "lodash.isfunction": "2.4.1"
      }
    },
    "lodash._getarray": {
      "version": "2.4.1",
      "resolved": "https://registry.npmjs.org/lodash._getarray/-/lodash._getarray-2.4.1.tgz",
      "integrity": "sha1-+vH3+BD6mFolHCGHQESBCUg55e4=",
      "requires": {
        "lodash._arraypool": "2.4.1"
      }
    },
    "lodash._getobject": {
      "version": "2.4.1",
      "resolved": "https://registry.npmjs.org/lodash._getobject/-/lodash._getobject-2.4.1.tgz",
      "integrity": "sha1-Q4B1pQRudyOOHWoBRXtTV6W1yxY=",
      "requires": {
        "lodash._objectpool": "2.4.1"
      }
    },
    "lodash._isnative": {
      "version": "2.4.1",
      "resolved": "https://registry.npmjs.org/lodash._isnative/-/lodash._isnative-2.4.1.tgz",
      "integrity": "sha1-PqZAS3hKe+g2x7V1gOHN95sUgyw="
    },
    "lodash._keyprefix": {
      "version": "2.4.2",
      "resolved": "https://registry.npmjs.org/lodash._keyprefix/-/lodash._keyprefix-2.4.2.tgz",
      "integrity": "sha1-GOQp0NveIAOVg1HH0utmTzdPhVg="
    },
    "lodash._largearraysize": {
      "version": "2.4.1",
      "resolved": "https://registry.npmjs.org/lodash._largearraysize/-/lodash._largearraysize-2.4.1.tgz",
      "integrity": "sha1-jTj/N45ge65VQ1WSOph02xF8o6g="
    },
    "lodash._maxpoolsize": {
      "version": "2.4.1",
      "resolved": "https://registry.npmjs.org/lodash._maxpoolsize/-/lodash._maxpoolsize-2.4.1.tgz",
      "integrity": "sha1-nUgvRjuOZq++WcLBTtsRcGAXIzQ="
    },
    "lodash._objectpool": {
      "version": "2.4.1",
      "resolved": "https://registry.npmjs.org/lodash._objectpool/-/lodash._objectpool-2.4.1.tgz",
      "integrity": "sha1-UssUtmaHuuoIDb91FlKNA+Ud6bE="
    },
    "lodash._objecttypes": {
      "version": "2.4.1",
      "resolved": "https://registry.npmjs.org/lodash._objecttypes/-/lodash._objecttypes-2.4.1.tgz",
      "integrity": "sha1-fAt/admKH3ZSn4kLDNsbTf7BHBE="
    },
    "lodash._releasearray": {
      "version": "2.4.1",
      "resolved": "https://registry.npmjs.org/lodash._releasearray/-/lodash._releasearray-2.4.1.tgz",
      "integrity": "sha1-phOWMNdtFTawfdyAliiJsIL2pkE=",
      "requires": {
        "lodash._arraypool": "2.4.1",
        "lodash._maxpoolsize": "2.4.1"
      }
    },
    "lodash._releaseobject": {
      "version": "2.4.1",
      "resolved": "https://registry.npmjs.org/lodash._releaseobject/-/lodash._releaseobject-2.4.1.tgz",
      "integrity": "sha1-oBjnG+cEZRDrq60TzVHdLBRQWTg=",
      "requires": {
        "lodash._maxpoolsize": "2.4.1",
        "lodash._objectpool": "2.4.1"
      }
    },
    "lodash._setbinddata": {
      "version": "2.4.1",
      "resolved": "https://registry.npmjs.org/lodash._setbinddata/-/lodash._setbinddata-2.4.1.tgz",
      "integrity": "sha1-98IAzRuS7yNrOZ7s9zxkjReqlNI=",
      "requires": {
        "lodash._isnative": "2.4.1",
        "lodash.noop": "2.4.1"
      }
    },
    "lodash._shimkeys": {
      "version": "2.4.1",
      "resolved": "https://registry.npmjs.org/lodash._shimkeys/-/lodash._shimkeys-2.4.1.tgz",
      "integrity": "sha1-bpzJZm/wgfC1psl4uD4kLmlJ0gM=",
      "requires": {
        "lodash._objecttypes": "2.4.1"
      }
    },
    "lodash._slice": {
      "version": "2.4.1",
      "resolved": "https://registry.npmjs.org/lodash._slice/-/lodash._slice-2.4.1.tgz",
      "integrity": "sha1-dFz0GlNZexj2iImFREBe+isG2Q8="
    },
    "lodash.bind": {
      "version": "2.4.1",
      "resolved": "https://registry.npmjs.org/lodash.bind/-/lodash.bind-2.4.1.tgz",
      "integrity": "sha1-XRn6AFyMTSNvr0dCx7eh/Kvikmc=",
      "requires": {
        "lodash._createwrapper": "2.4.1",
        "lodash._slice": "2.4.1"
      }
    },
    "lodash.createcallback": {
      "version": "2.4.4",
      "resolved": "https://registry.npmjs.org/lodash.createcallback/-/lodash.createcallback-2.4.4.tgz",
      "integrity": "sha1-SkUwhJsBZVAD/L31Y1JO/zzrAsQ=",
      "requires": {
        "lodash._basecreatecallback": "2.4.1",
        "lodash._baseisequal": "2.4.1",
        "lodash.isobject": "2.4.1",
        "lodash.keys": "2.4.1",
        "lodash.property": "2.4.1"
      }
    },
    "lodash.forin": {
      "version": "2.4.1",
      "resolved": "https://registry.npmjs.org/lodash.forin/-/lodash.forin-2.4.1.tgz",
      "integrity": "sha1-gInq7X0lsIZyt8Zv0HrFXQYjIOs=",
      "requires": {
        "lodash._basecreatecallback": "2.4.1",
        "lodash._objecttypes": "2.4.1"
      }
    },
    "lodash.get": {
      "version": "4.4.2",
      "resolved": "https://registry.npmjs.org/lodash.get/-/lodash.get-4.4.2.tgz",
      "integrity": "sha1-LRd/ZS+jHpObRDjVNBSZ36OCXpk="
    },
    "lodash.identity": {
      "version": "2.4.1",
      "resolved": "https://registry.npmjs.org/lodash.identity/-/lodash.identity-2.4.1.tgz",
      "integrity": "sha1-ZpTP+mX++TH3wxzobHRZfPVg9PE="
    },
    "lodash.isfunction": {
      "version": "2.4.1",
      "resolved": "https://registry.npmjs.org/lodash.isfunction/-/lodash.isfunction-2.4.1.tgz",
      "integrity": "sha1-LP1XXHPkmKtX4xm3f6Aq3vE6lNE="
    },
    "lodash.isobject": {
      "version": "2.4.1",
      "resolved": "https://registry.npmjs.org/lodash.isobject/-/lodash.isobject-2.4.1.tgz",
      "integrity": "sha1-Wi5H/mmVPx7mMafrof5k0tBlWPU=",
      "requires": {
        "lodash._objecttypes": "2.4.1"
      }
    },
    "lodash.keys": {
      "version": "2.4.1",
      "resolved": "https://registry.npmjs.org/lodash.keys/-/lodash.keys-2.4.1.tgz",
      "integrity": "sha1-SN6kbfj/djKxDXBrissmWR4rNyc=",
      "requires": {
        "lodash._isnative": "2.4.1",
        "lodash._shimkeys": "2.4.1",
        "lodash.isobject": "2.4.1"
      }
    },
    "lodash.noop": {
      "version": "2.4.1",
      "resolved": "https://registry.npmjs.org/lodash.noop/-/lodash.noop-2.4.1.tgz",
      "integrity": "sha1-T7VPgWZS5a4Q6PcvcXo4jHMmU4o="
    },
    "lodash.property": {
      "version": "2.4.1",
      "resolved": "https://registry.npmjs.org/lodash.property/-/lodash.property-2.4.1.tgz",
      "integrity": "sha1-QEnAVJ2vWnECvF6T7q67N53rEy8="
    },
    "lodash.support": {
      "version": "2.4.1",
      "resolved": "https://registry.npmjs.org/lodash.support/-/lodash.support-2.4.1.tgz",
      "integrity": "sha1-Mg4LZwMWc8KNeiu12eAzGkUkBRU=",
      "requires": {
        "lodash._isnative": "2.4.1"
      }
    },
    "lodash.uniq": {
      "version": "2.4.1",
      "resolved": "https://registry.npmjs.org/lodash.uniq/-/lodash.uniq-2.4.1.tgz",
      "integrity": "sha1-8hmkX2+z/65g/sEjyo7Wkj6kHjo=",
      "requires": {
        "lodash._baseuniq": "2.4.1",
        "lodash.createcallback": "2.4.4"
      }
    },
    "media-typer": {
      "version": "0.3.0",
      "resolved": "https://registry.npmjs.org/media-typer/-/media-typer-0.3.0.tgz",
      "integrity": "sha1-hxDXrwqmJvj/+hzgAWhUUmMlV0g="
    },
    "merge-descriptors": {
      "version": "1.0.1",
      "resolved": "https://registry.npmjs.org/merge-descriptors/-/merge-descriptors-1.0.1.tgz",
      "integrity": "sha1-sAqqVW3YtEVoFQ7J0blT8/kMu2E="
    },
    "methods": {
      "version": "1.1.2",
      "resolved": "https://registry.npmjs.org/methods/-/methods-1.1.2.tgz",
      "integrity": "sha1-VSmk1nZUE07cxSZmVoNbD4Ua/O4="
    },
    "mime": {
      "version": "1.4.1",
      "resolved": "https://registry.npmjs.org/mime/-/mime-1.4.1.tgz",
      "integrity": "sha512-KI1+qOZu5DcW6wayYHSzR/tXKCDC5Om4s1z2QJjDULzLcmf3DvzS7oluY4HCTrc+9FiKmWUgeNLg7W3uIQvxtQ=="
    },
    "mime-db": {
      "version": "1.33.0",
      "resolved": "https://registry.npmjs.org/mime-db/-/mime-db-1.33.0.tgz",
      "integrity": "sha512-BHJ/EKruNIqJf/QahvxwQZXKygOQ256myeN/Ew+THcAa5q+PjyTTMMeNQC4DZw5AwfvelsUrA6B67NKMqXDbzQ=="
    },
    "mime-types": {
      "version": "2.1.18",
      "resolved": "https://registry.npmjs.org/mime-types/-/mime-types-2.1.18.tgz",
      "integrity": "sha512-lc/aahn+t4/SWV/qcmumYjymLsWfN3ELhpmVuUFjgsORruuZPVSwAQryq+HHGvO/SI2KVX26bx+En+zhM8g8hQ==",
      "requires": {
        "mime-db": "1.33.0"
      }
    },
    "mongodb": {
      "version": "3.0.2",
      "resolved": "https://registry.npmjs.org/mongodb/-/mongodb-3.0.2.tgz",
      "integrity": "sha512-E50FmpSQchZAimn2uPIegoNoH9UQYR1yiGHtQPmmg8/Ekc97w6owHoqaBoz+assnd9V5LxMzmQ/VEWMsQMgZhQ==",
      "requires": {
        "mongodb-core": "3.0.2"
      }
    },
    "mongodb-core": {
      "version": "3.0.2",
      "resolved": "https://registry.npmjs.org/mongodb-core/-/mongodb-core-3.0.2.tgz",
      "integrity": "sha512-p1B0qwFQUw6C1OlFJnrOJp8KaX7MuGoogRbTaupRt0y+pPRkMllHWtE9V6i1CDtTvI3/3sy2sQwqWez7zuXEAA==",
      "requires": {
        "bson": "1.0.5",
        "require_optional": "1.0.1"
      }
    },
    "mongoose": {
      "version": "5.0.7",
      "resolved": "https://registry.npmjs.org/mongoose/-/mongoose-5.0.7.tgz",
      "integrity": "sha512-8RRWQVpB5DsczI5CkQQXDqTF3MGBoG7jF8dXkgfNpGcfVZZpCjC88tSf2x2Zfz3ct5gVoIySyjVeZ5yCYnfL6A==",
      "requires": {
        "async": "2.1.4",
        "bson": "1.0.5",
        "kareem": "2.0.5",
        "lodash.get": "4.4.2",
        "mongodb": "3.0.2",
        "mongoose-legacy-pluralize": "1.0.2",
        "mpath": "0.3.0",
        "mquery": "3.0.0",
        "ms": "2.0.0",
        "regexp-clone": "0.0.1",
        "sliced": "1.0.1"
      },
      "dependencies": {
        "async": {
          "version": "2.1.4",
          "resolved": "https://registry.npmjs.org/async/-/async-2.1.4.tgz",
          "integrity": "sha1-LSFgx3iAMuTdbL4lAvH5osj2zeQ=",
          "requires": {
            "lodash": "4.17.5"
          }
        }
      }
    },
    "mongoose-legacy-pluralize": {
      "version": "1.0.2",
      "resolved": "https://registry.npmjs.org/mongoose-legacy-pluralize/-/mongoose-legacy-pluralize-1.0.2.tgz",
      "integrity": "sha512-Yo/7qQU4/EyIS8YDFSeenIvXxZN+ld7YdV9LqFVQJzTLye8unujAWPZ4NWKfFA+RNjh+wvTWKY9Z3E5XM6ZZiQ=="
    },
    "monotonic-timestamp": {
      "version": "0.0.9",
      "resolved": "https://registry.npmjs.org/monotonic-timestamp/-/monotonic-timestamp-0.0.9.tgz",
      "integrity": "sha1-W6Wtx6rIXh1853voRxYe0kazlgM="
    },
    "mpath": {
      "version": "0.3.0",
      "resolved": "https://registry.npmjs.org/mpath/-/mpath-0.3.0.tgz",
      "integrity": "sha1-elj3iem1/TyUUgY0FXlg8mvV70Q="
    },
    "mquery": {
      "version": "3.0.0",
      "resolved": "https://registry.npmjs.org/mquery/-/mquery-3.0.0.tgz",
      "integrity": "sha512-WL1Lk8v4l8VFSSwN3yCzY9TXw+fKVYKn6f+w86TRzOLSE8k1yTgGaLBPUByJQi8VcLbOdnUneFV/y3Kv874pnQ==",
      "requires": {
        "bluebird": "3.5.0",
        "debug": "2.6.9",
        "regexp-clone": "0.0.1",
        "sliced": "0.0.5"
      },
      "dependencies": {
        "sliced": {
          "version": "0.0.5",
          "resolved": "https://registry.npmjs.org/sliced/-/sliced-0.0.5.tgz",
          "integrity": "sha1-XtwETKTrb3gW1Qui/GPiXY/kcH8="
        }
      }
    },
    "ms": {
      "version": "2.0.0",
      "resolved": "https://registry.npmjs.org/ms/-/ms-2.0.0.tgz",
      "integrity": "sha1-VgiurfwAvmwpAd9fmGF4jeDVl8g="
    },
    "natural": {
      "version": "0.1.29",
      "resolved": "https://registry.npmjs.org/natural/-/natural-0.1.29.tgz",
      "integrity": "sha1-WaN6bNhtVekEtlbTudpD/S3J4Eo=",
      "requires": {
        "apparatus": "0.0.9",
        "sylvester": "0.0.21",
        "underscore": "1.8.3"
      }
    },
    "negotiator": {
      "version": "0.6.1",
      "resolved": "https://registry.npmjs.org/negotiator/-/negotiator-0.6.1.tgz",
      "integrity": "sha1-KzJxhOiZIQEXeyhWP7XnECrNDKk="
    },
    "object-keys": {
      "version": "0.4.0",
      "resolved": "https://registry.npmjs.org/object-keys/-/object-keys-0.4.0.tgz",
      "integrity": "sha1-KKaq50KN0sOpLz2V8hM13SBOAzY="
    },
    "on-finished": {
      "version": "2.3.0",
      "resolved": "https://registry.npmjs.org/on-finished/-/on-finished-2.3.0.tgz",
      "integrity": "sha1-IPEzZIGwg811M3mSoWlxqi2QaUc=",
      "requires": {
        "ee-first": "1.1.1"
      }
    },
    "parseurl": {
      "version": "1.3.2",
      "resolved": "https://registry.npmjs.org/parseurl/-/parseurl-1.3.2.tgz",
      "integrity": "sha1-/CidTtiZMRlGDBViUyYs3I3mW/M="
    },
    "path-to-regexp": {
      "version": "0.1.7",
      "resolved": "https://registry.npmjs.org/path-to-regexp/-/path-to-regexp-0.1.7.tgz",
      "integrity": "sha1-32BBeABfUi8V60SQ5yR6G/qmf4w="
    },
    "proxy-addr": {
      "version": "2.0.3",
      "resolved": "https://registry.npmjs.org/proxy-addr/-/proxy-addr-2.0.3.tgz",
      "integrity": "sha512-jQTChiCJteusULxjBp8+jftSQE5Obdl3k4cnmLA6WXtK6XFuWRnvVL7aCiBqaLPM8c4ph0S4tKna8XvmIwEnXQ==",
      "requires": {
        "forwarded": "0.1.2",
        "ipaddr.js": "1.6.0"
      }
    },
    "qs": {
      "version": "6.5.1",
      "resolved": "https://registry.npmjs.org/qs/-/qs-6.5.1.tgz",
      "integrity": "sha512-eRzhrN1WSINYCDCbrz796z37LOe3m5tmW7RQf6oBntukAG1nmovJvhnwHHRMAfeoItc1m2Hk02WER2aQ/iqs+A=="
    },
    "range-parser": {
      "version": "1.2.0",
      "resolved": "https://registry.npmjs.org/range-parser/-/range-parser-1.2.0.tgz",
      "integrity": "sha1-9JvmtIeJTdxA3MlKMi9hEJLgDV4="
    },
    "raw-body": {
      "version": "2.3.2",
      "resolved": "https://registry.npmjs.org/raw-body/-/raw-body-2.3.2.tgz",
      "integrity": "sha1-vNYMd9Prk83gBQKVw/N5OJvIj4k=",
      "requires": {
        "bytes": "3.0.0",
        "http-errors": "1.6.2",
        "iconv-lite": "0.4.19",
        "unpipe": "1.0.0"
      }
    },
    "readable-stream": {
      "version": "1.0.34",
      "resolved": "https://registry.npmjs.org/readable-stream/-/readable-stream-1.0.34.tgz",
      "integrity": "sha1-Elgg40vIQtLyqq+v5MKRbuMsFXw=",
      "requires": {
        "core-util-is": "1.0.2",
        "inherits": "2.0.3",
        "isarray": "0.0.1",
        "string_decoder": "0.10.31"
      }
    },
    "regexp-clone": {
      "version": "0.0.1",
      "resolved": "https://registry.npmjs.org/regexp-clone/-/regexp-clone-0.0.1.tgz",
      "integrity": "sha1-p8LgmJH9vzj7sQ03b7cwA+aKxYk="
    },
    "require_optional": {
      "version": "1.0.1",
      "resolved": "https://registry.npmjs.org/require_optional/-/require_optional-1.0.1.tgz",
      "integrity": "sha512-qhM/y57enGWHAe3v/NcwML6a3/vfESLe/sGM2dII+gEO0BpKRUkWZow/tyloNqJyN6kXSl3RyyM8Ll5D/sJP8g==",
      "requires": {
        "resolve-from": "2.0.0",
        "semver": "5.5.0"
      }
    },
    "resolve-from": {
      "version": "2.0.0",
      "resolved": "https://registry.npmjs.org/resolve-from/-/resolve-from-2.0.0.tgz",
      "integrity": "sha1-lICrIOlP+h2egKgEx+oUdhGWa1c="
    },
    "safe-buffer": {
      "version": "5.1.1",
      "resolved": "https://registry.npmjs.org/safe-buffer/-/safe-buffer-5.1.1.tgz",
      "integrity": "sha512-kKvNJn6Mm93gAczWVJg7wH+wGYWNrDHdWvpUmHyEsgCtIwwo3bqPtV4tR5tuPaUhTOo/kvhVwd8XwwOllGYkbg=="
    },
    "semver": {
      "version": "5.5.0",
      "resolved": "https://registry.npmjs.org/semver/-/semver-5.5.0.tgz",
      "integrity": "sha512-4SJ3dm0WAwWy/NVeioZh5AntkdJoWKxHxcmyP622fOkgHa4z3R0TdBJICINyaSDE6uNwVc8gZr+ZinwZAH4xIA=="
    },
    "send": {
      "version": "0.16.1",
      "resolved": "https://registry.npmjs.org/send/-/send-0.16.1.tgz",
      "integrity": "sha512-ElCLJdJIKPk6ux/Hocwhk7NFHpI3pVm/IZOYWqUmoxcgeyM+MpxHHKhb8QmlJDX1pU6WrgaHBkVNm73Sv7uc2A==",
      "requires": {
        "debug": "2.6.9",
        "depd": "1.1.2",
        "destroy": "1.0.4",
        "encodeurl": "1.0.2",
        "escape-html": "1.0.3",
        "etag": "1.8.1",
        "fresh": "0.5.2",
        "http-errors": "1.6.2",
        "mime": "1.4.1",
        "ms": "2.0.0",
        "on-finished": "2.3.0",
        "range-parser": "1.2.0",
        "statuses": "1.3.1"
      }
    },
    "serve-static": {
      "version": "1.13.1",
      "resolved": "https://registry.npmjs.org/serve-static/-/serve-static-1.13.1.tgz",
      "integrity": "sha512-hSMUZrsPa/I09VYFJwa627JJkNs0NrfL1Uzuup+GqHfToR2KcsXFymXSV90hoyw3M+msjFuQly+YzIH/q0MGlQ==",
      "requires": {
        "encodeurl": "1.0.2",
        "escape-html": "1.0.3",
        "parseurl": "1.3.2",
        "send": "0.16.1"
      }
    },
    "setprototypeof": {
      "version": "1.1.0",
      "resolved": "https://registry.npmjs.org/setprototypeof/-/setprototypeof-1.1.0.tgz",
      "integrity": "sha512-BvE/TwpZX4FXExxOxZyRGQQv651MSwmWKZGqvmPcRIjDqWub67kTKuIMx43cZZrS/cBBzwBcNDWoFxt2XEFIpQ=="
    },
    "sift3": {
      "version": "0.0.1",
      "resolved": "https://registry.npmjs.org/sift3/-/sift3-0.0.1.tgz",
      "integrity": "sha1-FnCb3ITbjk3zNws/UPsVNmMpMa8=",
      "requires": {
        "component-plus-node": "0.0.1",
        "type-component": "0.0.1"
      }
    },
    "sliced": {
      "version": "1.0.1",
      "resolved": "https://registry.npmjs.org/sliced/-/sliced-1.0.1.tgz",
      "integrity": "sha1-CzpmK10Ewxd7GSa+qCsD+Dei70E="
    },
    "split-string-words": {
      "version": "1.0.0",
      "resolved": "https://registry.npmjs.org/split-string-words/-/split-string-words-1.0.0.tgz",
      "integrity": "sha1-peHHvJZJnTyqAAqB0HTzJ3QCfd0="
    },
    "statuses": {
      "version": "1.3.1",
      "resolved": "https://registry.npmjs.org/statuses/-/statuses-1.3.1.tgz",
      "integrity": "sha1-+vUbnrdKrvOzrPStX2Gr8ky3uT4="
    },
    "stream-statistics": {
      "version": "0.0.1",
      "resolved": "https://registry.npmjs.org/stream-statistics/-/stream-statistics-0.0.1.tgz",
      "integrity": "sha1-ZDtuQdTA+PhvIxa7Xw3EvhcFFTw="
    },
    "string-range": {
      "version": "1.2.2",
      "resolved": "https://registry.npmjs.org/string-range/-/string-range-1.2.2.tgz",
      "integrity": "sha1-qJPtNH5yKZvIO++78qaSqNI51d0="
    },
    "string_decoder": {
      "version": "0.10.31",
      "resolved": "https://registry.npmjs.org/string_decoder/-/string_decoder-0.10.31.tgz",
      "integrity": "sha1-YuIDvEF2bGwoyfyEMB2rHFMQ+pQ="
    },
    "strsplit": {
      "version": "1.0.0",
      "resolved": "https://registry.npmjs.org/strsplit/-/strsplit-1.0.0.tgz",
      "integrity": "sha1-D97caOka3c/LLmvpwmJYGm6MKKo="
    },
    "sylvester": {
      "version": "0.0.21",
      "resolved": "https://registry.npmjs.org/sylvester/-/sylvester-0.0.21.tgz",
      "integrity": "sha1-KYexzivS84sNzio0OIiEv6RADqc="
    },
    "through2": {
      "version": "0.3.0",
      "resolved": "https://registry.npmjs.org/through2/-/through2-0.3.0.tgz",
      "integrity": "sha1-LR0oyNHa+NnFy3jwppNDxrhkLZc=",
      "requires": {
        "readable-stream": "1.0.34",
        "xtend": "2.1.2"
      }
    },
    "timehat": {
      "version": "0.0.1",
      "resolved": "https://registry.npmjs.org/timehat/-/timehat-0.0.1.tgz",
      "integrity": "sha1-dod4vl1+gwXL1xp29dRdMR0VnI0=",
      "requires": {
        "hat": "0.0.3",
        "monotonic-timestamp": "0.0.9"
      }
    },
    "to-utf8": {
      "version": "0.0.1",
      "resolved": "https://registry.npmjs.org/to-utf8/-/to-utf8-0.0.1.tgz",
      "integrity": "sha1-0Xrqcv8vujm55DYBvns/9y4ImFI="
    },
    "type-component": {
      "version": "0.0.1",
      "resolved": "https://registry.npmjs.org/type-component/-/type-component-0.0.1.tgz",
      "integrity": "sha1-lSpsgcIe/STRPYEdDISYy4YOGVY="
    },
    "type-is": {
      "version": "1.6.16",
      "resolved": "https://registry.npmjs.org/type-is/-/type-is-1.6.16.tgz",
      "integrity": "sha512-HRkVv/5qY2G6I8iab9cI7v1bOIdhm94dVjQCPFElW9W+3GeDOSHmy2EBYe4VTApuzolPcmgFTN3ftVJRKR2J9Q==",
      "requires": {
        "media-typer": "0.3.0",
        "mime-types": "2.1.18"
      }
    },
    "underscore": {
      "version": "1.8.3",
      "resolved": "https://registry.npmjs.org/underscore/-/underscore-1.8.3.tgz",
      "integrity": "sha1-Tz+1OxBuYJf8+ctBCfKl6b36UCI="
    },
    "uniq": {
      "version": "1.0.1",
      "resolved": "https://registry.npmjs.org/uniq/-/uniq-1.0.1.tgz",
      "integrity": "sha1-sxxa6CVIRKOoKBVBzisEuGWnNP8="
    },
    "unpipe": {
      "version": "1.0.0",
      "resolved": "https://registry.npmjs.org/unpipe/-/unpipe-1.0.0.tgz",
      "integrity": "sha1-sr9O6FFKrmFltIF4KdIbLvSZBOw="
    },
    "utils-merge": {
      "version": "1.0.1",
      "resolved": "https://registry.npmjs.org/utils-merge/-/utils-merge-1.0.1.tgz",
      "integrity": "sha1-n5VxD1CiZ5R7LMwSR0HBAoQn5xM="
    },
    "vary": {
      "version": "1.1.2",
      "resolved": "https://registry.npmjs.org/vary/-/vary-1.1.2.tgz",
      "integrity": "sha1-IpnwLG3tMNSllhsLn3RSShj2NPw="
    },
    "xtend": {
      "version": "2.1.2",
      "resolved": "https://registry.npmjs.org/xtend/-/xtend-2.1.2.tgz",
      "integrity": "sha1-bv7MKk2tjmlixJAbM3znuoe10os=",
      "requires": {
        "object-keys": "0.4.0"
      }
    }
  }
}
